// !$*UTF8*$!
{
	archiveVersion = 1;
	classes = {
	};
	objectVersion = 77;
	objects = {

/* Begin PBXBuildFile section */
		0426E11A2EE8605E00EBCB1A /* SDWebImageSwiftUI in Frameworks */ = {isa = PBXBuildFile; productRef = 0426E1192EE8605E00EBCB1A /* SDWebImageSwiftUI */; };
		0426E17C2EF1924A00EBCB1A /* SwiftfulUI in Frameworks */ = {isa = PBXBuildFile; productRef = 0426E17B2EF1924A00EBCB1A /* SwiftfulUI */; };
		0426E17F2EF1926500EBCB1A /* SwiftfulRouting in Frameworks */ = {isa = PBXBuildFile; productRef = 0426E17E2EF1926500EBCB1A /* SwiftfulRouting */; };
/* End PBXBuildFile section */

/* Begin PBXContainerItemProxy section */
		0426E0FB2EE8580700EBCB1A /* PBXContainerItemProxy */ = {
			isa = PBXContainerItemProxy;
			containerPortal = 0426E0E32EE8580600EBCB1A /* Project object */;
			proxyType = 1;
			remoteGlobalIDString = 0426E0EA2EE8580600EBCB1A;
			remoteInfo = SwiftUI_Projects;
		};
		0426E1052EE8580700EBCB1A /* PBXContainerItemProxy */ = {
			isa = PBXContainerItemProxy;
			containerPortal = 0426E0E32EE8580600EBCB1A /* Project object */;
			proxyType = 1;
			remoteGlobalIDString = 0426E0EA2EE8580600EBCB1A;
			remoteInfo = SwiftUI_Projects;
		};
/* End PBXContainerItemProxy section */

/* Begin PBXFileReference section */
		0426E0EB2EE8580600EBCB1A /* SwiftUI_Projects.app */ = {isa = PBXFileReference; explicitFileType = wrapper.application; includeInIndex = 0; path = SwiftUI_Projects.app; sourceTree = BUILT_PRODUCTS_DIR; };
		0426E0FA2EE8580700EBCB1A /* SwiftUI_ProjectsTests.xctest */ = {isa = PBXFileReference; explicitFileType = wrapper.cfbundle; includeInIndex = 0; path = SwiftUI_ProjectsTests.xctest; sourceTree = BUILT_PRODUCTS_DIR; };
		0426E1042EE8580700EBCB1A /* SwiftUI_ProjectsUITests.xctest */ = {isa = PBXFileReference; explicitFileType = wrapper.cfbundle; includeInIndex = 0; path = SwiftUI_ProjectsUITests.xctest; sourceTree = BUILT_PRODUCTS_DIR; };
/* End PBXFileReference section */

/* Begin PBXFileSystemSynchronizedRootGroup section */
		0426E0ED2EE8580600EBCB1A /* SwiftUI_Projects */ = {
			isa = PBXFileSystemSynchronizedRootGroup;
			path = SwiftUI_Projects;
			sourceTree = "<group>";
		};
		0426E0FD2EE8580700EBCB1A /* SwiftUI_ProjectsTests */ = {
			isa = PBXFileSystemSynchronizedRootGroup;
			path = SwiftUI_ProjectsTests;
			sourceTree = "<group>";
		};
		0426E1072EE8580700EBCB1A /* SwiftUI_ProjectsUITests */ = {
			isa = PBXFileSystemSynchronizedRootGroup;
			path = SwiftUI_ProjectsUITests;
			sourceTree = "<group>";
		};
/* End PBXFileSystemSynchronizedRootGroup section */

/* Begin PBXFrameworksBuildPhase section */
		0426E0E82EE8580600EBCB1A /* Frameworks */ = {
			isa = PBXFrameworksBuildPhase;
			buildActionMask = 2147483647;
			files = (
				0426E17C2EF1924A00EBCB1A /* SwiftfulUI in Frameworks */,
				0426E17F2EF1926500EBCB1A /* SwiftfulRouting in Frameworks */,
				0426E11A2EE8605E00EBCB1A /* SDWebImageSwiftUI in Frameworks */,
			);
			runOnlyForDeploymentPostprocessing = 0;
		};
		0426E0F72EE8580700EBCB1A /* Frameworks */ = {
			isa = PBXFrameworksBuildPhase;
			buildActionMask = 2147483647;
			files = (
			);
			runOnlyForDeploymentPostprocessing = 0;
		};
		0426E1012EE8580700EBCB1A /* Frameworks */ = {
			isa = PBXFrameworksBuildPhase;
			buildActionMask = 2147483647;
			files = (
			);
			runOnlyForDeploymentPostprocessing = 0;
		};
/* End PBXFrameworksBuildPhase section */

/* Begin PBXGroup section */
		0426E0E22EE8580600EBCB1A = {
			isa = PBXGroup;
			children = (
				0426E0ED2EE8580600EBCB1A /* SwiftUI_Projects */,
				0426E0FD2EE8580700EBCB1A /* SwiftUI_ProjectsTests */,
				0426E1072EE8580700EBCB1A /* SwiftUI_ProjectsUITests */,
				0426E1182EE8605E00EBCB1A /* Frameworks */,
				0426E0EC2EE8580600EBCB1A /* Products */,
			);
			sourceTree = "<group>";
		};
		0426E0EC2EE8580600EBCB1A /* Products */ = {
			isa = PBXGroup;
			children = (
				0426E0EB2EE8580600EBCB1A /* SwiftUI_Projects.app */,
				0426E0FA2EE8580700EBCB1A /* SwiftUI_ProjectsTests.xctest */,
				0426E1042EE8580700EBCB1A /* SwiftUI_ProjectsUITests.xctest */,
			);
			name = Products;
			sourceTree = "<group>";
		};
		0426E1182EE8605E00EBCB1A /* Frameworks */ = {
			isa = PBXGroup;
			children = (
			);
			name = Frameworks;
			sourceTree = "<group>";
		};
/* End PBXGroup section */

/* Begin PBXNativeTarget section */
		0426E0EA2EE8580600EBCB1A /* SwiftUI_Projects */ = {
			isa = PBXNativeTarget;
			buildConfigurationList = 0426E10E2EE8580700EBCB1A /* Build configuration list for PBXNativeTarget "SwiftUI_Projects" */;
			buildPhases = (
				0426E0E72EE8580600EBCB1A /* Sources */,
				0426E0E82EE8580600EBCB1A /* Frameworks */,
				0426E0E92EE8580600EBCB1A /* Resources */,
			);
			buildRules = (
			);
			dependencies = (
			);
			fileSystemSynchronizedGroups = (
				0426E0ED2EE8580600EBCB1A /* SwiftUI_Projects */,
			);
			name = SwiftUI_Projects;
			packageProductDependencies = (
				0426E1192EE8605E00EBCB1A /* SDWebImageSwiftUI */,
				0426E17B2EF1924A00EBCB1A /* SwiftfulUI */,
				0426E17E2EF1926500EBCB1A /* SwiftfulRouting */,
			);
			productName = SwiftUI_Projects;
			productReference = 0426E0EB2EE8580600EBCB1A /* SwiftUI_Projects.app */;
			productType = "com.apple.product-type.application";
		};
		0426E0F92EE8580700EBCB1A /* SwiftUI_ProjectsTests */ = {
			isa = PBXNativeTarget;
			buildConfigurationList = 0426E1112EE8580700EBCB1A /* Build configuration list for PBXNativeTarget "SwiftUI_ProjectsTests" */;
			buildPhases = (
				0426E0F62EE8580700EBCB1A /* Sources */,
				0426E0F72EE8580700EBCB1A /* Frameworks */,
				0426E0F82EE8580700EBCB1A /* Resources */,
			);
			buildRules = (
			);
			dependencies = (
				0426E0FC2EE8580700EBCB1A /* PBXTargetDependency */,
			);
			fileSystemSynchronizedGroups = (
				0426E0FD2EE8580700EBCB1A /* SwiftUI_ProjectsTests */,
			);
			name = SwiftUI_ProjectsTests;
			packageProductDependencies = (
			);
			productName = SwiftUI_ProjectsTests;
			productReference = 0426E0FA2EE8580700EBCB1A /* SwiftUI_ProjectsTests.xctest */;
			productType = "com.apple.product-type.bundle.unit-test";
		};
		0426E1032EE8580700EBCB1A /* SwiftUI_ProjectsUITests */ = {
			isa = PBXNativeTarget;
			buildConfigurationList = 0426E1142EE8580700EBCB1A /* Build configuration list for PBXNativeTarget "SwiftUI_ProjectsUITests" */;
			buildPhases = (
				0426E1002EE8580700EBCB1A /* Sources */,
				0426E1012EE8580700EBCB1A /* Frameworks */,
				0426E1022EE8580700EBCB1A /* Resources */,
			);
			buildRules = (
			);
			dependencies = (
				0426E1062EE8580700EBCB1A /* PBXTargetDependency */,
			);
			fileSystemSynchronizedGroups = (
				0426E1072EE8580700EBCB1A /* SwiftUI_ProjectsUITests */,
			);
			name = SwiftUI_ProjectsUITests;
			packageProductDependencies = (
			);
			productName = SwiftUI_ProjectsUITests;
			productReference = 0426E1042EE8580700EBCB1A /* SwiftUI_ProjectsUITests.xctest */;
			productType = "com.apple.product-type.bundle.ui-testing";
		};
/* End PBXNativeTarget section */

/* Begin PBXProject section */
		0426E0E32EE8580600EBCB1A /* Project object */ = {
			isa = PBXProject;
			attributes = {
				BuildIndependentTargetsInParallel = 1;
				LastSwiftUpdateCheck = 2600;
				LastUpgradeCheck = 2600;
				TargetAttributes = {
					0426E0EA2EE8580600EBCB1A = {
						CreatedOnToolsVersion = 26.0.1;
					};
					0426E0F92EE8580700EBCB1A = {
						CreatedOnToolsVersion = 26.0.1;
						TestTargetID = 0426E0EA2EE8580600EBCB1A;
					};
					0426E1032EE8580700EBCB1A = {
						CreatedOnToolsVersion = 26.0.1;
						TestTargetID = 0426E0EA2EE8580600EBCB1A;
					};
				};
			};
			buildConfigurationList = 0426E0E62EE8580600EBCB1A /* Build configuration list for PBXProject "SwiftUI_Projects" */;
			developmentRegion = en;
			hasScannedForEncodings = 0;
			knownRegions = (
				en,
				Base,
			);
			mainGroup = 0426E0E22EE8580600EBCB1A;
			minimizedProjectReferenceProxies = 1;
			packageReferences = (
				0426E1172EE8597A00EBCB1A /* XCRemoteSwiftPackageReference "SDWebImageSwiftUI" */,
				0426E17A2EF1924A00EBCB1A /* XCRemoteSwiftPackageReference "SwiftfulUI" */,
				0426E17D2EF1926500EBCB1A /* XCRemoteSwiftPackageReference "SwiftfulRouting" */,
			);
			preferredProjectObjectVersion = 77;
			productRefGroup = 0426E0EC2EE8580600EBCB1A /* Products */;
			projectDirPath = "";
			projectRoot = "";
			targets = (
				0426E0EA2EE8580600EBCB1A /* SwiftUI_Projects */,
				0426E0F92EE8580700EBCB1A /* SwiftUI_ProjectsTests */,
				0426E1032EE8580700EBCB1A /* SwiftUI_ProjectsUITests */,
			);
		};
/* End PBXProject section */

/* Begin PBXResourcesBuildPhase section */
		0426E0E92EE8580600EBCB1A /* Resources */ = {
			isa = PBXResourcesBuildPhase;
			buildActionMask = 2147483647;
			files = (
			);
			runOnlyForDeploymentPostprocessing = 0;
		};
		0426E0F82EE8580700EBCB1A /* Resources */ = {
			isa = PBXResourcesBuildPhase;
			buildActionMask = 2147483647;
			files = (
			);
			runOnlyForDeploymentPostprocessing = 0;
		};
		0426E1022EE8580700EBCB1A /* Resources */ = {
			isa = PBXResourcesBuildPhase;
			buildActionMask = 2147483647;
			files = (
			);
			runOnlyForDeploymentPostprocessing = 0;
		};
/* End PBXResourcesBuildPhase section */

/* Begin PBXSourcesBuildPhase section */
		0426E0E72EE8580600EBCB1A /* Sources */ = {
			isa = PBXSourcesBuildPhase;
			buildActionMask = 2147483647;
			files = (
			);
			runOnlyForDeploymentPostprocessing = 0;
		};
		0426E0F62EE8580700EBCB1A /* Sources */ = {
			isa = PBXSourcesBuildPhase;
			buildActionMask = 2147483647;
			files = (
			);
			runOnlyForDeploymentPostprocessing = 0;
		};
		0426E1002EE8580700EBCB1A /* Sources */ = {
			isa = PBXSourcesBuildPhase;
			buildActionMask = 2147483647;
			files = (
			);
			runOnlyForDeploymentPostprocessing = 0;
		};
/* End PBXSourcesBuildPhase section */

/* Begin PBXTargetDependency section */
		0426E0FC2EE8580700EBCB1A /* PBXTargetDependency */ = {
			isa = PBXTargetDependency;
			target = 0426E0EA2EE8580600EBCB1A /* SwiftUI_Projects */;
			targetProxy = 0426E0FB2EE8580700EBCB1A /* PBXContainerItemProxy */;
		};
		0426E1062EE8580700EBCB1A /* PBXTargetDependency */ = {
			isa = PBXTargetDependency;
			target = 0426E0EA2EE8580600EBCB1A /* SwiftUI_Projects */;
			targetProxy = 0426E1052EE8580700EBCB1A /* PBXContainerItemProxy */;
		};
/* End PBXTargetDependency section */

/* Begin XCBuildConfiguration section */
		0426E10C2EE8580700EBCB1A /* Debug */ = {
			isa = XCBuildConfiguration;
			buildSettings = {
				ALWAYS_SEARCH_USER_PATHS = NO;
				ASSETCATALOG_COMPILER_GENERATE_SWIFT_ASSET_SYMBOL_EXTENSIONS = YES;
				CLANG_ANALYZER_NONNULL = YES;
				CLANG_ANALYZER_NUMBER_OBJECT_CONVERSION = YES_AGGRESSIVE;
				CLANG_CXX_LANGUAGE_STANDARD = "gnu++20";
				CLANG_ENABLE_MODULES = YES;
				CLANG_ENABLE_OBJC_ARC = YES;
				CLANG_ENABLE_OBJC_WEAK = YES;
				CLANG_WARN_BLOCK_CAPTURE_AUTORELEASING = YES;
				CLANG_WARN_BOOL_CONVERSION = YES;
				CLANG_WARN_COMMA = YES;
				CLANG_WARN_CONSTANT_CONVERSION = YES;
				CLANG_WARN_DEPRECATED_OBJC_IMPLEMENTATIONS = YES;
				CLANG_WARN_DIRECT_OBJC_ISA_USAGE = YES_ERROR;
				CLANG_WARN_DOCUMENTATION_COMMENTS = YES;
				CLANG_WARN_EMPTY_BODY = YES;
				CLANG_WARN_ENUM_CONVERSION = YES;
				CLANG_WARN_INFINITE_RECURSION = YES;
				CLANG_WARN_INT_CONVERSION = YES;
				CLANG_WARN_NON_LITERAL_NULL_CONVERSION = YES;
				CLANG_WARN_OBJC_IMPLICIT_RETAIN_SELF = YES;
				CLANG_WARN_OBJC_LITERAL_CONVERSION = YES;
				CLANG_WARN_OBJC_ROOT_CLASS = YES_ERROR;
				CLANG_WARN_QUOTED_INCLUDE_IN_FRAMEWORK_HEADER = YES;
				CLANG_WARN_RANGE_LOOP_ANALYSIS = YES;
				CLANG_WARN_STRICT_PROTOTYPES = YES;
				CLANG_WARN_SUSPICIOUS_MOVE = YES;
				CLANG_WARN_UNGUARDED_AVAILABILITY = YES_AGGRESSIVE;
				CLANG_WARN_UNREACHABLE_CODE = YES;
				CLANG_WARN__DUPLICATE_METHOD_MATCH = YES;
				COPY_PHASE_STRIP = NO;
				DEBUG_INFORMATION_FORMAT = dwarf;
				DEVELOPMENT_TEAM = 972NUAMS4D;
				ENABLE_STRICT_OBJC_MSGSEND = YES;
				ENABLE_TESTABILITY = YES;
				ENABLE_USER_SCRIPT_SANDBOXING = YES;
				GCC_C_LANGUAGE_STANDARD = gnu17;
				GCC_DYNAMIC_NO_PIC = NO;
				GCC_NO_COMMON_BLOCKS = YES;
				GCC_OPTIMIZATION_LEVEL = 0;
				GCC_PREPROCESSOR_DEFINITIONS = (
					"DEBUG=1",
					"$(inherited)",
				);
				GCC_WARN_64_TO_32_BIT_CONVERSION = YES;
				GCC_WARN_ABOUT_RETURN_TYPE = YES_ERROR;
				GCC_WARN_UNDECLARED_SELECTOR = YES;
				GCC_WARN_UNINITIALIZED_AUTOS = YES_AGGRESSIVE;
				GCC_WARN_UNUSED_FUNCTION = YES;
				GCC_WARN_UNUSED_VARIABLE = YES;
				IPHONEOS_DEPLOYMENT_TARGET = 26.0;
				LOCALIZATION_PREFERS_STRING_CATALOGS = YES;
				MTL_ENABLE_DEBUG_INFO = INCLUDE_SOURCE;
				MTL_FAST_MATH = YES;
				ONLY_ACTIVE_ARCH = YES;
				SDKROOT = iphoneos;
				SWIFT_ACTIVE_COMPILATION_CONDITIONS = "DEBUG $(inherited)";
				SWIFT_OPTIMIZATION_LEVEL = "-Onone";
			};
			name = Debug;
		};
		0426E10D2EE8580700EBCB1A /* Release */ = {
			isa = XCBuildConfiguration;
			buildSettings = {
				ALWAYS_SEARCH_USER_PATHS = NO;
				ASSETCATALOG_COMPILER_GENERATE_SWIFT_ASSET_SYMBOL_EXTENSIONS = YES;
				CLANG_ANALYZER_NONNULL = YES;
				CLANG_ANALYZER_NUMBER_OBJECT_CONVERSION = YES_AGGRESSIVE;
				CLANG_CXX_LANGUAGE_STANDARD = "gnu++20";
				CLANG_ENABLE_MODULES = YES;
				CLANG_ENABLE_OBJC_ARC = YES;
				CLANG_ENABLE_OBJC_WEAK = YES;
				CLANG_WARN_BLOCK_CAPTURE_AUTORELEASING = YES;
				CLANG_WARN_BOOL_CONVERSION = YES;
				CLANG_WARN_COMMA = YES;
				CLANG_WARN_CONSTANT_CONVERSION = YES;
				CLANG_WARN_DEPRECATED_OBJC_IMPLEMENTATIONS = YES;
				CLANG_WARN_DIRECT_OBJC_ISA_USAGE = YES_ERROR;
				CLANG_WARN_DOCUMENTATION_COMMENTS = YES;
				CLANG_WARN_EMPTY_BODY = YES;
				CLANG_WARN_ENUM_CONVERSION = YES;
				CLANG_WARN_INFINITE_RECURSION = YES;
				CLANG_WARN_INT_CONVERSION = YES;
				CLANG_WARN_NON_LITERAL_NULL_CONVERSION = YES;
				CLANG_WARN_OBJC_IMPLICIT_RETAIN_SELF = YES;
				CLANG_WARN_OBJC_LITERAL_CONVERSION = YES;
				CLANG_WARN_OBJC_ROOT_CLASS = YES_ERROR;
				CLANG_WARN_QUOTED_INCLUDE_IN_FRAMEWORK_HEADER = YES;
				CLANG_WARN_RANGE_LOOP_ANALYSIS = YES;
				CLANG_WARN_STRICT_PROTOTYPES = YES;
				CLANG_WARN_SUSPICIOUS_MOVE = YES;
				CLANG_WARN_UNGUARDED_AVAILABILITY = YES_AGGRESSIVE;
				CLANG_WARN_UNREACHABLE_CODE = YES;
				CLANG_WARN__DUPLICATE_METHOD_MATCH = YES;
				COPY_PHASE_STRIP = NO;
				DEBUG_INFORMATION_FORMAT = "dwarf-with-dsym";
				DEVELOPMENT_TEAM = 972NUAMS4D;
				ENABLE_NS_ASSERTIONS = NO;
				ENABLE_STRICT_OBJC_MSGSEND = YES;
				ENABLE_USER_SCRIPT_SANDBOXING = YES;
				GCC_C_LANGUAGE_STANDARD = gnu17;
				GCC_NO_COMMON_BLOCKS = YES;
				GCC_WARN_64_TO_32_BIT_CONVERSION = YES;
				GCC_WARN_ABOUT_RETURN_TYPE = YES_ERROR;
				GCC_WARN_UNDECLARED_SELECTOR = YES;
				GCC_WARN_UNINITIALIZED_AUTOS = YES_AGGRESSIVE;
				GCC_WARN_UNUSED_FUNCTION = YES;
				GCC_WARN_UNUSED_VARIABLE = YES;
				IPHONEOS_DEPLOYMENT_TARGET = 26.0;
				LOCALIZATION_PREFERS_STRING_CATALOGS = YES;
				MTL_ENABLE_DEBUG_INFO = NO;
				MTL_FAST_MATH = YES;
				SDKROOT = iphoneos;
				SWIFT_COMPILATION_MODE = wholemodule;
				VALIDATE_PRODUCT = YES;
			};
			name = Release;
		};
		0426E10F2EE8580700EBCB1A /* Debug */ = {
			isa = XCBuildConfiguration;
			buildSettings = {
				ASSETCATALOG_COMPILER_APPICON_NAME = AppIcon;
				ASSETCATALOG_COMPILER_GLOBAL_ACCENT_COLOR_NAME = AccentColor;
				CODE_SIGN_STYLE = Automatic;
				CURRENT_PROJECT_VERSION = 1;
				DEVELOPMENT_TEAM = 972NUAMS4D;
				ENABLE_PREVIEWS = YES;
				GENERATE_INFOPLIST_FILE = YES;
				INFOPLIST_KEY_UIApplicationSceneManifest_Generation = YES;
				INFOPLIST_KEY_UIApplicationSupportsIndirectInputEvents = YES;
				INFOPLIST_KEY_UILaunchScreen_Generation = YES;
				INFOPLIST_KEY_UISupportedInterfaceOrientations_iPad = "UIInterfaceOrientationPortrait UIInterfaceOrientationPortraitUpsideDown UIInterfaceOrientationLandscapeLeft UIInterfaceOrientationLandscapeRight";
				INFOPLIST_KEY_UISupportedInterfaceOrientations_iPhone = "UIInterfaceOrientationPortrait UIInterfaceOrientationLandscapeLeft UIInterfaceOrientationLandscapeRight";
				LD_RUNPATH_SEARCH_PATHS = (
					"$(inherited)",
					"@executable_path/Frameworks",
				);
				MARKETING_VERSION = 1.0;
				PRODUCT_BUNDLE_IDENTIFIER = "com.mostafa.SwiftUI-Projects";
				PRODUCT_NAME = "$(TARGET_NAME)";
				STRING_CATALOG_GENERATE_SYMBOLS = YES;
				SWIFT_APPROACHABLE_CONCURRENCY = YES;
				SWIFT_DEFAULT_ACTOR_ISOLATION = MainActor;
				SWIFT_EMIT_LOC_STRINGS = YES;
				SWIFT_UPCOMING_FEATURE_MEMBER_IMPORT_VISIBILITY = YES;
				SWIFT_VERSION = 5.0;
				TARGETED_DEVICE_FAMILY = "1,2";
			};
			name = Debug;
		};
		0426E1102EE8580700EBCB1A /* Release */ = {
			isa = XCBuildConfiguration;
			buildSettings = {
				ASSETCATALOG_COMPILER_APPICON_NAME = AppIcon;
				ASSETCATALOG_COMPILER_GLOBAL_ACCENT_COLOR_NAME = AccentColor;
				CODE_SIGN_STYLE = Automatic;
				CURRENT_PROJECT_VERSION = 1;
				DEVELOPMENT_TEAM = 972NUAMS4D;
				ENABLE_PREVIEWS = YES;
				GENERATE_INFOPLIST_FILE = YES;
				INFOPLIST_KEY_UIApplicationSceneManifest_Generation = YES;
				INFOPLIST_KEY_UIApplicationSupportsIndirectInputEvents = YES;
				INFOPLIST_KEY_UILaunchScreen_Generation = YES;
				INFOPLIST_KEY_UISupportedInterfaceOrientations_iPad = "UIInterfaceOrientationPortrait UIInterfaceOrientationPortraitUpsideDown UIInterfaceOrientationLandscapeLeft UIInterfaceOrientationLandscapeRight";
				INFOPLIST_KEY_UISupportedInterfaceOrientations_iPhone = "UIInterfaceOrientationPortrait UIInterfaceOrientationLandscapeLeft UIInterfaceOrientationLandscapeRight";
				LD_RUNPATH_SEARCH_PATHS = (
					"$(inherited)",
					"@executable_path/Frameworks",
				);
				MARKETING_VERSION = 1.0;
				PRODUCT_BUNDLE_IDENTIFIER = "com.mostafa.SwiftUI-Projects";
				PRODUCT_NAME = "$(TARGET_NAME)";
				STRING_CATALOG_GENERATE_SYMBOLS = YES;
				SWIFT_APPROACHABLE_CONCURRENCY = YES;
				SWIFT_DEFAULT_ACTOR_ISOLATION = MainActor;
				SWIFT_EMIT_LOC_STRINGS = YES;
				SWIFT_UPCOMING_FEATURE_MEMBER_IMPORT_VISIBILITY = YES;
				SWIFT_VERSION = 5.0;
				TARGETED_DEVICE_FAMILY = "1,2";
			};
			name = Release;
		};
		0426E1122EE8580700EBCB1A /* Debug */ = {
			isa = XCBuildConfiguration;
			buildSettings = {
				BUNDLE_LOADER = "$(TEST_HOST)";
				CODE_SIGN_STYLE = Automatic;
				CURRENT_PROJECT_VERSION = 1;
				DEVELOPMENT_TEAM = 972NUAMS4D;
				GENERATE_INFOPLIST_FILE = YES;
				IPHONEOS_DEPLOYMENT_TARGET = 26.0;
				MARKETING_VERSION = 1.0;
				PRODUCT_BUNDLE_IDENTIFIER = "com.mostafa.SwiftUI-ProjectsTests";
				PRODUCT_NAME = "$(TARGET_NAME)";
				STRING_CATALOG_GENERATE_SYMBOLS = NO;
				SWIFT_APPROACHABLE_CONCURRENCY = YES;
				SWIFT_EMIT_LOC_STRINGS = NO;
				SWIFT_UPCOMING_FEATURE_MEMBER_IMPORT_VISIBILITY = YES;
				SWIFT_VERSION = 5.0;
				TARGETED_DEVICE_FAMILY = "1,2";
				TEST_HOST = "$(BUILT_PRODUCTS_DIR)/SwiftUI_Projects.app/$(BUNDLE_EXECUTABLE_FOLDER_PATH)/SwiftUI_Projects";
			};
			name = Debug;
		};
		0426E1132EE8580700EBCB1A /* Release */ = {
			isa = XCBuildConfiguration;
			buildSettings = {
				BUNDLE_LOADER = "$(TEST_HOST)";
				CODE_SIGN_STYLE = Automatic;
				CURRENT_PROJECT_VERSION = 1;
				DEVELOPMENT_TEAM = 972NUAMS4D;
				GENERATE_INFOPLIST_FILE = YES;
				IPHONEOS_DEPLOYMENT_TARGET = 26.0;
				MARKETING_VERSION = 1.0;
				PRODUCT_BUNDLE_IDENTIFIER = "com.mostafa.SwiftUI-ProjectsTests";
				PRODUCT_NAME = "$(TARGET_NAME)";
				STRING_CATALOG_GENERATE_SYMBOLS = NO;
				SWIFT_APPROACHABLE_CONCURRENCY = YES;
				SWIFT_EMIT_LOC_STRINGS = NO;
				SWIFT_UPCOMING_FEATURE_MEMBER_IMPORT_VISIBILITY = YES;
				SWIFT_VERSION = 5.0;
				TARGETED_DEVICE_FAMILY = "1,2";
				TEST_HOST = "$(BUILT_PRODUCTS_DIR)/SwiftUI_Projects.app/$(BUNDLE_EXECUTABLE_FOLDER_PATH)/SwiftUI_Projects";
			};
			name = Release;
		};
		0426E1152EE8580700EBCB1A /* Debug */ = {
			isa = XCBuildConfiguration;
			buildSettings = {
				CODE_SIGN_STYLE = Automatic;
				CURRENT_PROJECT_VERSION = 1;
				DEVELOPMENT_TEAM = 972NUAMS4D;
				GENERATE_INFOPLIST_FILE = YES;
				MARKETING_VERSION = 1.0;
				PRODUCT_BUNDLE_IDENTIFIER = "com.mostafa.SwiftUI-ProjectsUITests";
				PRODUCT_NAME = "$(TARGET_NAME)";
				STRING_CATALOG_GENERATE_SYMBOLS = NO;
				SWIFT_APPROACHABLE_CONCURRENCY = YES;
				SWIFT_EMIT_LOC_STRINGS = NO;
				SWIFT_UPCOMING_FEATURE_MEMBER_IMPORT_VISIBILITY = YES;
				SWIFT_VERSION = 5.0;
				TARGETED_DEVICE_FAMILY = "1,2";
				TEST_TARGET_NAME = SwiftUI_Projects;
			};
			name = Debug;
		};
		0426E1162EE8580700EBCB1A /* Release */ = {
			isa = XCBuildConfiguration;
			buildSettings = {
				CODE_SIGN_STYLE = Automatic;
				CURRENT_PROJECT_VERSION = 1;
				DEVELOPMENT_TEAM = 972NUAMS4D;
				GENERATE_INFOPLIST_FILE = YES;
				MARKETING_VERSION = 1.0;
				PRODUCT_BUNDLE_IDENTIFIER = "com.mostafa.SwiftUI-ProjectsUITests";
				PRODUCT_NAME = "$(TARGET_NAME)";
				STRING_CATALOG_GENERATE_SYMBOLS = NO;
				SWIFT_APPROACHABLE_CONCURRENCY = YES;
				SWIFT_EMIT_LOC_STRINGS = NO;
				SWIFT_UPCOMING_FEATURE_MEMBER_IMPORT_VISIBILITY = YES;
				SWIFT_VERSION = 5.0;
				TARGETED_DEVICE_FAMILY = "1,2";
				TEST_TARGET_NAME = SwiftUI_Projects;
			};
			name = Release;
		};
/* End XCBuildConfiguration section */

/* Begin XCConfigurationList section */
		0426E0E62EE8580600EBCB1A /* Build configuration list for PBXProject "SwiftUI_Projects" */ = {
			isa = XCConfigurationList;
			buildConfigurations = (
				0426E10C2EE8580700EBCB1A /* Debug */,
				0426E10D2EE8580700EBCB1A /* Release */,
			);
			defaultConfigurationIsVisible = 0;
			defaultConfigurationName = Release;
		};
		0426E10E2EE8580700EBCB1A /* Build configuration list for PBXNativeTarget "SwiftUI_Projects" */ = {
			isa = XCConfigurationList;
			buildConfigurations = (
				0426E10F2EE8580700EBCB1A /* Debug */,
				0426E1102EE8580700EBCB1A /* Release */,
			);
			defaultConfigurationIsVisible = 0;
			defaultConfigurationName = Release;
		};
		0426E1112EE8580700EBCB1A /* Build configuration list for PBXNativeTarget "SwiftUI_ProjectsTests" */ = {
			isa = XCConfigurationList;
			buildConfigurations = (
				0426E1122EE8580700EBCB1A /* Debug */,
				0426E1132EE8580700EBCB1A /* Release */,
			);
			defaultConfigurationIsVisible = 0;
			defaultConfigurationName = Release;
		};
		0426E1142EE8580700EBCB1A /* Build configuration list for PBXNativeTarget "SwiftUI_ProjectsUITests" */ = {
			isa = XCConfigurationList;
			buildConfigurations = (
				0426E1152EE8580700EBCB1A /* Debug */,
				0426E1162EE8580700EBCB1A /* Release */,
			);
			defaultConfigurationIsVisible = 0;
			defaultConfigurationName = Release;
		};
/* End XCConfigurationList section */

/* Begin XCRemoteSwiftPackageReference section */
		0426E1172EE8597A00EBCB1A /* XCRemoteSwiftPackageReference "SDWebImageSwiftUI" */ = {
			isa = XCRemoteSwiftPackageReference;
			repositoryURL = "https://github.com/SDWebImage/SDWebImageSwiftUI.git";
			requirement = {
				kind = upToNextMajorVersion;
				minimumVersion = 3.1.4;
			};
		};
		0426E17A2EF1924A00EBCB1A /* XCRemoteSwiftPackageReference "SwiftfulUI" */ = {
			isa = XCRemoteSwiftPackageReference;
			repositoryURL = "https://github.com/SwiftfulThinking/SwiftfulUI";
			requirement = {
				kind = upToNextMajorVersion;
				minimumVersion = 1.2.0;
			};
		};
		0426E17D2EF1926500EBCB1A /* XCRemoteSwiftPackageReference "SwiftfulRouting" */ = {
			isa = XCRemoteSwiftPackageReference;
			repositoryURL = "https://github.com/SwiftfulThinking/SwiftfulRouting";
			requirement = {
				kind = upToNextMajorVersion;
				minimumVersion = 6.1.8;
			};
		};
/* End XCRemoteSwiftPackageReference section */

/* Begin XCSwiftPackageProductDependency section */
		0426E1192EE8605E00EBCB1A /* SDWebImageSwiftUI */ = {
			isa = XCSwiftPackageProductDependency;
			package = 0426E1172EE8597A00EBCB1A /* XCRemoteSwiftPackageReference "SDWebImageSwiftUI" */;
			productName = SDWebImageSwiftUI;
		};
		0426E17B2EF1924A00EBCB1A /* SwiftfulUI */ = {
			isa = XCSwiftPackageProductDependency;
			package = 0426E17A2EF1924A00EBCB1A /* XCRemoteSwiftPackageReference "SwiftfulUI" */;
			productName = SwiftfulUI;
		};
		0426E17E2EF1926500EBCB1A /* SwiftfulRouting */ = {
			isa = XCSwiftPackageProductDependency;
			package = 0426E17D2EF1926500EBCB1A /* XCRemoteSwiftPackageReference "SwiftfulRouting" */;
			productName = SwiftfulRouting;
		};
/* End XCSwiftPackageProductDependency section */
	};
	rootObject = 0426E0E32EE8580600EBCB1A /* Project object */;
}
